// !$*UTF8*$!
{
	archiveVersion = 1;
	classes = {
	};
	objectVersion = 46;
	objects = {

/* Begin PBXBuildFile section */
		FC4053341EEE9544001DC4FE /* AppDelegate.swift in Sources */ = {isa = PBXBuildFile; fileRef = FC4053331EEE9544001DC4FE /* AppDelegate.swift */; };
		FC4053361EEE9544001DC4FE /* ViewController.swift in Sources */ = {isa = PBXBuildFile; fileRef = FC4053351EEE9544001DC4FE /* ViewController.swift */; };
		FC4053391EEE9544001DC4FE /* Main.storyboard in Resources */ = {isa = PBXBuildFile; fileRef = FC4053371EEE9544001DC4FE /* Main.storyboard */; };
		FC40533B1EEE9544001DC4FE /* Assets.xcassets in Resources */ = {isa = PBXBuildFile; fileRef = FC40533A1EEE9544001DC4FE /* Assets.xcassets */; };
		FC40533E1EEE9544001DC4FE /* LaunchScreen.storyboard in Resources */ = {isa = PBXBuildFile; fileRef = FC40533C1EEE9544001DC4FE /* LaunchScreen.storyboard */; };
/* End PBXBuildFile section */

/* Begin PBXFileReference section */
		FC4053301EEE9544001DC4FE /* My Calulate.app */ = {isa = PBXFileReference; explicitFileType = wrapper.application; includeInIndex = 0; path = "My Calulate.app"; sourceTree = BUILT_PRODUCTS_DIR; };
		FC4053331EEE9544001DC4FE /* AppDelegate.swift */ = {isa = PBXFileReference; lastKnownFileType = sourcecode.swift; path = AppDelegate.swift; sourceTree = "<group>"; };
		FC4053351EEE9544001DC4FE /* ViewController.swift */ = {isa = PBXFileReference; lastKnownFileType = sourcecode.swift; path = ViewController.swift; sourceTree = "<group>"; };
		FC4053381EEE9544001DC4FE /* Base */ = {isa = PBXFileReference; lastKnownFileType = file.storyboard; name = Base; path = Base.lproj/Main.storyboard; sourceTree = "<group>"; };
		FC40533A1EEE9544001DC4FE /* Assets.xcassets */ = {isa = PBXFileReference; lastKnownFileType = folder.assetcatalog; path = Assets.xcassets; sourceTree = "<group>"; };
		FC40533D1EEE9544001DC4FE /* Base */ = {isa = PBXFileReference; lastKnownFileType = file.storyboard; name = Base; path = Base.lproj/LaunchScreen.storyboard; sourceTree = "<group>"; };
		FC40533F1EEE9544001DC4FE /* Info.plist */ = {isa = PBXFileReference; lastKnownFileType = text.plist.xml; path = Info.plist; sourceTree = "<group>"; };
/* End PBXFileReference section */

/* Begin PBXFrameworksBuildPhase section */
		FC40532D1EEE9544001DC4FE /* Frameworks */ = {
			isa = PBXFrameworksBuildPhase;
			buildActionMask = 2147483647;
			files = (
			);
			runOnlyForDeploymentPostprocessing = 0;
		};
/* End PBXFrameworksBuildPhase section */

/* Begin PBXGroup section */
		FC4053271EEE9544001DC4FE = {
			isa = PBXGroup;
			children = (
				FC4053321EEE9544001DC4FE /* My Calulate */,
				FC4053311EEE9544001DC4FE /* Products */,
			);
			sourceTree = "<group>";
		};
		FC4053311EEE9544001DC4FE /* Products */ = {
			isa = PBXGroup;
			children = (
				FC4053301EEE9544001DC4FE /* My Calulate.app */,
			);
			name = Products;
			sourceTree = "<group>";
		};
		FC4053321EEE9544001DC4FE /* My Calulate */ = {
			isa = PBXGroup;
			children = (
				FC4053331EEE9544001DC4FE /* AppDelegate.swift */,
				FC4053351EEE9544001DC4FE /* ViewController.swift */,
				FC4053371EEE9544001DC4FE /* Main.storyboard */,
				FC40533A1EEE9544001DC4FE /* Assets.xcassets */,
				FC40533C1EEE9544001DC4FE /* LaunchScreen.storyboard */,
				FC40533F1EEE9544001DC4FE /* Info.plist */,
			);
			path = "My Calulate";
			sourceTree = "<group>";
		};
/* End PBXGroup section */

/* Begin PBXNativeTarget section */
		FC40532F1EEE9544001DC4FE /* My Calulate */ = {
			isa = PBXNativeTarget;
			buildConfigurationList = FC4053421EEE9544001DC4FE /* Build configuration list for PBXNativeTarget "My Calulate" */;
			buildPhases = (
				FC40532C1EEE9544001DC4FE /* Sources */,
				FC40532D1EEE9544001DC4FE /* Frameworks */,
				FC40532E1EEE9544001DC4FE /* Resources */,
			);
			buildRules = (
			);
			dependencies = (
			);
			name = "My Calulate";
			productName = "My Calulate";
			productReference = FC4053301EEE9544001DC4FE /* My Calulate.app */;
			productType = "com.apple.product-type.application";
		};
/* End PBXNativeTarget section */

/* Begin PBXProject section */
		FC4053281EEE9544001DC4FE /* Project object */ = {
			isa = PBXProject;
			attributes = {
				LastSwiftUpdateCheck = 0830;
				LastUpgradeCheck = 0830;
				ORGANIZATIONNAME = SNRU;
				TargetAttributes = {
					FC40532F1EEE9544001DC4FE = {
						CreatedOnToolsVersion = 8.3.3;
						ProvisioningStyle = Automatic;
					};
				};
			};
			buildConfigurationList = FC40532B1EEE9544001DC4FE /* Build configuration list for PBXProject "My Calulate" */;
			compatibilityVersion = "Xcode 3.2";
			developmentRegion = English;
			hasScannedForEncodings = 0;
			knownRegions = (
				en,
				Base,
			);
			mainGroup = FC4053271EEE9544001DC4FE;
			productRefGroup = FC4053311EEE9544001DC4FE /* Products */;
			projectDirPath = "";
			projectRoot = "";
			targets = (
				FC40532F1EEE9544001DC4FE /* My Calulate */,
			);
		};
/* End PBXProject section */

/* Begin PBXResourcesBuildPhase section */
		FC40532E1EEE9544001DC4FE /* Resources */ = {
			isa = PBXResourcesBuildPhase;
			buildActionMask = 2147483647;
			files = (
				FC40533E1EEE9544001DC4FE /* LaunchScreen.storyboard in Resources */,
				FC40533B1EEE9544001DC4FE /* Assets.xcassets in Resources */,
				FC4053391EEE9544001DC4FE /* Main.storyboard in Resources */,
			);
			runOnlyForDeploymentPostprocessing = 0;
		};
/* End PBXResourcesBuildPhase section */

/* Begin PBXSourcesBuildPhase section */
		FC40532C1EEE9544001DC4FE /* Sources */ = {
			isa = PBXSourcesBuildPhase;
			buildActionMask = 2147483647;
			files = (
				FC4053361EEE9544001DC4FE /* ViewController.swift in Sources */,
				FC4053341EEE9544001DC4FE /* AppDelegate.swift in Sources */,
			);
			runOnlyForDeploymentPostprocessing = 0;
		};
/* End PBXSourcesBuildPhase section */

/* Begin PBXVariantGroup section */
		FC4053371EEE9544001DC4FE /* Main.storyboard */ = {
			isa = PBXVariantGroup;
			children = (
				FC4053381EEE9544001DC4FE /* Base */,
			);
			name = Main.storyboard;
			sourceTree = "<group>";
		};
		FC40533C1EEE9544001DC4FE /* LaunchScreen.storyboard */ = {
			isa = PBXVariantGroup;
			children = (
				FC40533D1EEE9544001DC4FE /* Base */,
			);
			name = LaunchScreen.storyboard;
			sourceTree = "<group>";
		};
/* End PBXVariantGroup section */

/* Begin XCBuildConfiguration section */
		FC4053401EEE9544001DC4FE /* Debug */ = {
			isa = XCBuildConfiguration;
			buildSettings = {
				ALWAYS_SEARCH_USER_PATHS = NO;
				CLANG_ANALYZER_NONNULL = YES;
				CLANG_ANALYZER_NUMBER_OBJECT_CONVERSION = YES_AGGRESSIVE;
				CLANG_CXX_LANGUAGE_STANDARD = "gnu++0x";
				CLANG_CXX_LIBRARY = "libc++";
				CLANG_ENABLE_MODULES = YES;
				CLANG_ENABLE_OBJC_ARC = YES;
				CLANG_WARN_BOOL_CONVERSION = YES;
				CLANG_WARN_CONSTANT_CONVERSION = YES;
				CLANG_WARN_DIRECT_OBJC_ISA_USAGE = YES_ERROR;
				CLANG_WARN_DOCUMENTATION_COMMENTS = YES;
				CLANG_WARN_EMPTY_BODY = YES;
				CLANG_WARN_ENUM_CONVERSION = YES;
				CLANG_WARN_INFINITE_RECURSION = YES;
				CLANG_WARN_INT_CONVERSION = YES;
				CLANG_WARN_OBJC_ROOT_CLASS = YES_ERROR;
				CLANG_WARN_SUSPICIOUS_MOVE = YES;
				CLANG_WARN_UNREACHABLE_CODE = YES;
				CLANG_WARN__DUPLICATE_METHOD_MATCH = YES;
				"CODE_SIGN_IDENTITY[sdk=iphoneos*]" = "iPhone Developer";
				COPY_PHASE_STRIP = NO;
				DEBUG_INFORMATION_FORMAT = dwarf;
				ENABLE_STRICT_OBJC_MSGSEND = YES;
				ENABLE_TESTABILITY = YES;
				GCC_C_LANGUAGE_STANDARD = gnu99;
				GCC_DYNAMIC_NO_PIC = NO;
				GCC_NO_COMMON_BLOCKS = YES;
				GCC_OPTIMIZATION_LEVEL = 0;
				GCC_PREPROCESSOR_DEFINITIONS = (
					"DEBUG=1",
					"$(inherited)",
				);
				GCC_WARN_64_TO_32_BIT_CONVERSION = YES;
				GCC_WARN_ABOUT_RETURN_TYPE = YES_ERROR;
				GCC_WARN_UNDECLARED_SELECTOR = YES;
				GCC_WARN_UNINITIALIZED_AUTOS = YES_AGGRESSIVE;
				GCC_WARN_UNUSED_FUNCTION = YES;
				GCC_WARN_UNUSED_VARIABLE = YES;
				IPHONEOS_DEPLOYMENT_TARGET = 10.3;
				MTL_ENABLE_DEBUG_INFO = YES;
				ONLY_ACTIVE_ARCH = YES;
				SDKROOT = iphoneos;
				SWIFT_ACTIVE_COMPILATION_CONDITIONS = DEBUG;
				SWIFT_OPTIMIZATION_LEVEL = "-Onone";
				TARGETED_DEVICE_FAMILY = "1,2";
			};
			name = Debug;
		};
		FC4053411EEE9544001DC4FE /* Release */ = {
			isa = XCBuildConfiguration;
			buildSettings = {
				ALWAYS_SEARCH_USER_PATHS = NO;
				CLANG_ANALYZER_NONNULL = YES;
				CLANG_ANALYZER_NUMBER_OBJECT_CONVERSION = YES_AGGRESSIVE;
				CLANG_CXX_LANGUAGE_STANDARD = "gnu++0x";
				CLANG_CXX_LIBRARY = "libc++";
				CLANG_ENABLE_MODULES = YES;
				CLANG_ENABLE_OBJC_ARC = YES;
				CLANG_WARN_BOOL_CONVERSION = YES;
				CLANG_WARN_CONSTANT_CONVERSION = YES;
				CLANG_WARN_DIRECT_OBJC_ISA_USAGE = YES_ERROR;
				CLANG_WARN_DOCUMENTATION_COMMENTS = YES;
				CLANG_WARN_EMPTY_BODY = YES;
				CLANG_WARN_ENUM_CONVERSION = YES;
				CLANG_WARN_INFINITE_RECURSION = YES;
				CLANG_WARN_INT_CONVERSION = YES;
				CLANG_WARN_OBJC_ROOT_CLASS = YES_ERROR;
				CLANG_WARN_SUSPICIOUS_MOVE = YES;
				CLANG_WARN_UNREACHABLE_CODE = YES;
				CLANG_WARN__DUPLICATE_METHOD_MATCH = YES;
				"CODE_SIGN_IDENTITY[sdk=iphoneos*]" = "iPhone Developer";
				COPY_PHASE_STRIP = NO;
				DEBUG_INFORMATION_FORMAT = "dwarf-with-dsym";
				ENABLE_NS_ASSERTIONS = NO;
				ENABLE_STRICT_OBJC_MSGSEND = YES;
				GCC_C_LANGUAGE_STANDARD = gnu99;
				GCC_NO_COMMON_BLOCKS = YES;
				GCC_WARN_64_TO_32_BIT_CONVERSION = YES;
				GCC_WARN_ABOUT_RETURN_TYPE = YES_ERROR;
				GCC_WARN_UNDECLARED_SELECTOR = YES;
				GCC_WARN_UNINITIALIZED_AUTOS = YES_AGGRESSIVE;
				GCC_WARN_UNUSED_FUNCTION = YES;
				GCC_WARN_UNUSED_VARIABLE = YES;
				IPHONEOS_DEPLOYMENT_TARGET = 10.3;
				MTL_ENABLE_DEBUG_INFO = NO;
				SDKROOT = iphoneos;
				SWIFT_OPTIMIZATION_LEVEL = "-Owholemodule";
				TARGETED_DEVICE_FAMILY = "1,2";
				VALIDATE_PRODUCT = YES;
			};
			name = Release;
		};
		FC4053431EEE9544001DC4FE /* Debug */ = {
			isa = XCBuildConfiguration;
			buildSettings = {
				ASSETCATALOG_COMPILER_APPICON_NAME = AppIcon;
				INFOPLIST_FILE = "My Calulate/Info.plist";
				LD_RUNPATH_SEARCH_PATHS = "$(inherited) @executable_path/Frameworks";
				PRODUCT_BUNDLE_IDENTIFIER = "Computer.UTID.My-Calulate";
				PRODUCT_NAME = "$(TARGET_NAME)";
				SWIFT_VERSION = 3.0;
			};
			name = Debug;
		};
		FC4053441EEE9544001DC4FE /* Release */ = {
			isa = XCBuildConfiguration;
			buildSettings = {
				ASSETCATALOG_COMPILER_APPICON_NAME = AppIcon;
				INFOPLIST_FILE = "My Calulate/Info.plist";
				LD_RUNPATH_SEARCH_PATHS = "$(inherited) @executable_path/Frameworks";
				PRODUCT_BUNDLE_IDENTIFIER = "Computer.UTID.My-Calulate";
				PRODUCT_NAME = "$(TARGET_NAME)";
				SWIFT_VERSION = 3.0;
			};
			name = Release;
		};
/* End XCBuildConfiguration section */

/* Begin XCConfigurationList section */
		FC40532B1EEE9544001DC4FE /* Build configuration list for PBXProject "My Calulate" */ = {
			isa = XCConfigurationList;
			buildConfigurations = (
				FC4053401EEE9544001DC4FE /* Debug */,
				FC4053411EEE9544001DC4FE /* Release */,
			);
			defaultConfigurationIsVisible = 0;
			defaultConfigurationName = Release;
		};
		FC4053421EEE9544001DC4FE /* Build configuration list for PBXNativeTarget "My Calulate" */ = {
			isa = XCConfigurationList;
			buildConfigurations = (
				FC4053431EEE9544001DC4FE /* Debug */,
				FC4053441EEE9544001DC4FE /* Release */,
			);
			defaultConfigurationIsVisible = 0;
		};
/* End XCConfigurationList section */
	};
	rootObject = FC4053281EEE9544001DC4FE /* Project object */;
}
